
Microsoft Visual Studio Solution File, Format Version 12.00
# Visual Studio Version 16
VisualStudioVersion = 16.0.29519.87
MinimumVisualStudioVersion = 10.0.40219.1
Project("{FAE04EC0-301F-11D3-BF4B-00C04F79EFBC}") = "CHESS NEW", "CHESS NEW\CHESS NEW.csproj", "{C3A6D941-8758-46E8-B296-0BBE4C87F10C}"
EndProject
Global
	GlobalSection(SolutionConfigurationPlatforms) = preSolution
		Debug|Any CPU = Debug|Any CPU
		Release|Any CPU = Release|Any CPU
	EndGlobalSection
	GlobalSection(ProjectConfigurationPlatforms) = postSolution
		{C3A6D941-8758-46E8-B296-0BBE4C87F10C}.Debug|Any CPU.ActiveCfg = Debug|Any CPU
		{C3A6D941-8758-46E8-B296-0BBE4C87F10C}.Debug|Any CPU.Build.0 = Debug|Any CPU
		{C3A6D941-8758-46E8-B296-0BBE4C87F10C}.Release|Any CPU.ActiveCfg = Release|Any CPU
		{C3A6D941-8758-46E8-B296-0BBE4C87F10C}.Release|Any CPU.Build.0 = Release|Any CPU
	EndGlobalSection
	GlobalSection(SolutionProperties) = preSolution
		HideSolutionNode = FALSE
	EndGlobalSection
	GlobalSection(ExtensibilityGlobals) = postSolution
		SolutionGuid = {07D91ABA-3F2D-4A7B-90FC-D1812059C4DF}
	EndGlobalSection
EndGlobal
